
Microsoft Visual Studio Solution File, Format Version 12.00
# Visual Studio 2013
VisualStudioVersion = 12.0.21005.1
MinimumVisualStudioVersion = 10.0.40219.1
Project("{FAE04EC0-301F-11D3-BF4B-00C04F79EFBC}") = "LockAndInterlockedDemo", "LockAndInterlockedDemo\LockAndInterlockedDemo.csproj", "{138803EE-DB1B-45D1-AA0D-0C4414602467}"
EndProject
Project("{FAE04EC0-301F-11D3-BF4B-00C04F79EFBC}") = "MutexDemo", "MutexDemo\MutexDemo.csproj", "{D6634CFF-D221-4FD7-9D45-008D31C3FD81}"
EndProject
Project("{FAE04EC0-301F-11D3-BF4B-00C04F79EFBC}") = "SemaphoreSlimDemo", "SemaphoreSlimDemo\SemaphoreSlimDemo.csproj", "{342E2C2C-8E83-427D-9C37-D3A09A2362C8}"
EndProject
Project("{FAE04EC0-301F-11D3-BF4B-00C04F79EFBC}") = "AutoResetEventDemo", "AutoResetEventDemo\AutoResetEventDemo.csproj", "{7878B594-2F80-4EFC-99D3-EE45F7287255}"
EndProject
Project("{FAE04EC0-301F-11D3-BF4B-00C04F79EFBC}") = "ManualResetEventSlimDemo", "ManualResetEventSlimDemo\ManualResetEventSlimDemo.csproj", "{FE7F6178-D6A5-4ABB-8B51-32926915C082}"
EndProject
Project("{FAE04EC0-301F-11D3-BF4B-00C04F79EFBC}") = "CountDownEventDemo", "CountDownEventDemo\CountDownEventDemo.csproj", "{123EDDC4-F729-47B0-8173-CCC06AD6AEAB}"
EndProject
Project("{FAE04EC0-301F-11D3-BF4B-00C04F79EFBC}") = "BarrierDemo", "BarrierDemo\BarrierDemo.csproj", "{93A4A78A-4050-47C6-BE6E-1DF33FB3AEDC}"
EndProject
Global
	GlobalSection(SolutionConfigurationPlatforms) = preSolution
		Debug|Any CPU = Debug|Any CPU
		Release|Any CPU = Release|Any CPU
	EndGlobalSection
	GlobalSection(ProjectConfigurationPlatforms) = postSolution
		{138803EE-DB1B-45D1-AA0D-0C4414602467}.Debug|Any CPU.ActiveCfg = Debug|Any CPU
		{138803EE-DB1B-45D1-AA0D-0C4414602467}.Debug|Any CPU.Build.0 = Debug|Any CPU
		{138803EE-DB1B-45D1-AA0D-0C4414602467}.Release|Any CPU.ActiveCfg = Release|Any CPU
		{138803EE-DB1B-45D1-AA0D-0C4414602467}.Release|Any CPU.Build.0 = Release|Any CPU
		{D6634CFF-D221-4FD7-9D45-008D31C3FD81}.Debug|Any CPU.ActiveCfg = Debug|Any CPU
		{D6634CFF-D221-4FD7-9D45-008D31C3FD81}.Debug|Any CPU.Build.0 = Debug|Any CPU
		{D6634CFF-D221-4FD7-9D45-008D31C3FD81}.Release|Any CPU.ActiveCfg = Release|Any CPU
		{D6634CFF-D221-4FD7-9D45-008D31C3FD81}.Release|Any CPU.Build.0 = Release|Any CPU
		{342E2C2C-8E83-427D-9C37-D3A09A2362C8}.Debug|Any CPU.ActiveCfg = Debug|Any CPU
		{342E2C2C-8E83-427D-9C37-D3A09A2362C8}.Debug|Any CPU.Build.0 = Debug|Any CPU
		{342E2C2C-8E83-427D-9C37-D3A09A2362C8}.Release|Any CPU.ActiveCfg = Release|Any CPU
		{342E2C2C-8E83-427D-9C37-D3A09A2362C8}.Release|Any CPU.Build.0 = Release|Any CPU
		{7878B594-2F80-4EFC-99D3-EE45F7287255}.Debug|Any CPU.ActiveCfg = Debug|Any CPU
		{7878B594-2F80-4EFC-99D3-EE45F7287255}.Debug|Any CPU.Build.0 = Debug|Any CPU
		{7878B594-2F80-4EFC-99D3-EE45F7287255}.Release|Any CPU.ActiveCfg = Release|Any CPU
		{7878B594-2F80-4EFC-99D3-EE45F7287255}.Release|Any CPU.Build.0 = Release|Any CPU
		{FE7F6178-D6A5-4ABB-8B51-32926915C082}.Debug|Any CPU.ActiveCfg = Debug|Any CPU
		{FE7F6178-D6A5-4ABB-8B51-32926915C082}.Debug|Any CPU.Build.0 = Debug|Any CPU
		{FE7F6178-D6A5-4ABB-8B51-32926915C082}.Release|Any CPU.ActiveCfg = Release|Any CPU
		{FE7F6178-D6A5-4ABB-8B51-32926915C082}.Release|Any CPU.Build.0 = Release|Any CPU
		{123EDDC4-F729-47B0-8173-CCC06AD6AEAB}.Debug|Any CPU.ActiveCfg = Debug|Any CPU
		{123EDDC4-F729-47B0-8173-CCC06AD6AEAB}.Debug|Any CPU.Build.0 = Debug|Any CPU
		{123EDDC4-F729-47B0-8173-CCC06AD6AEAB}.Release|Any CPU.ActiveCfg = Release|Any CPU
		{123EDDC4-F729-47B0-8173-CCC06AD6AEAB}.Release|Any CPU.Build.0 = Release|Any CPU
		{93A4A78A-4050-47C6-BE6E-1DF33FB3AEDC}.Debug|Any CPU.ActiveCfg = Debug|Any CPU
		{93A4A78A-4050-47C6-BE6E-1DF33FB3AEDC}.Debug|Any CPU.Build.0 = Debug|Any CPU
		{93A4A78A-4050-47C6-BE6E-1DF33FB3AEDC}.Release|Any CPU.ActiveCfg = Release|Any CPU
		{93A4A78A-4050-47C6-BE6E-1DF33FB3AEDC}.Release|Any CPU.Build.0 = Release|Any CPU
	EndGlobalSection
	GlobalSection(SolutionProperties) = preSolution
		HideSolutionNode = FALSE
	EndGlobalSection
EndGlobal
